// !$*UTF8*$!
{
	archiveVersion = 1;
	classes = {
	};
	objectVersion = 46;
	objects = {

/* Begin PBXBuildFile section */
		60A9990D1A7051CE00E8E0CD /* main.m in Sources */ = {isa = PBXBuildFile; fileRef = 60A9990C1A7051CE00E8E0CD /* main.m */; };
		60A999101A7051CE00E8E0CD /* AppDelegate.m in Sources */ = {isa = PBXBuildFile; fileRef = 60A9990F1A7051CE00E8E0CD /* AppDelegate.m */; };
		60A999131A7051CE00E8E0CD /* ViewController.m in Sources */ = {isa = PBXBuildFile; fileRef = 60A999121A7051CE00E8E0CD /* ViewController.m */; };
		60A999161A7051CE00E8E0CD /* Main.storyboard in Resources */ = {isa = PBXBuildFile; fileRef = 60A999141A7051CE00E8E0CD /* Main.storyboard */; };
		60A999181A7051CE00E8E0CD /* Images.xcassets in Resources */ = {isa = PBXBuildFile; fileRef = 60A999171A7051CE00E8E0CD /* Images.xcassets */; };
		60A9991B1A7051CE00E8E0CD /* LaunchScreen.xib in Resources */ = {isa = PBXBuildFile; fileRef = 60A999191A7051CE00E8E0CD /* LaunchScreen.xib */; };
		60A999271A7051CE00E8E0CD /* ZaHunterTests.m in Sources */ = {isa = PBXBuildFile; fileRef = 60A999261A7051CE00E8E0CD /* ZaHunterTests.m */; };
/* End PBXBuildFile section */

/* Begin PBXContainerItemProxy section */
		60A999211A7051CE00E8E0CD /* PBXContainerItemProxy */ = {
			isa = PBXContainerItemProxy;
			containerPortal = 60A998FF1A7051CD00E8E0CD /* Project object */;
			proxyType = 1;
			remoteGlobalIDString = 60A999061A7051CD00E8E0CD;
			remoteInfo = ZaHunter;
		};
/* End PBXContainerItemProxy section */

/* Begin PBXFileReference section */
		60A999071A7051CE00E8E0CD /* ZaHunter.app */ = {isa = PBXFileReference; explicitFileType = wrapper.application; includeInIndex = 0; path = ZaHunter.app; sourceTree = BUILT_PRODUCTS_DIR; };
		60A9990B1A7051CE00E8E0CD /* Info.plist */ = {isa = PBXFileReference; lastKnownFileType = text.plist.xml; path = Info.plist; sourceTree = "<group>"; };
		60A9990C1A7051CE00E8E0CD /* main.m */ = {isa = PBXFileReference; lastKnownFileType = sourcecode.c.objc; path = main.m; sourceTree = "<group>"; };
		60A9990E1A7051CE00E8E0CD /* AppDelegate.h */ = {isa = PBXFileReference; lastKnownFileType = sourcecode.c.h; path = AppDelegate.h; sourceTree = "<group>"; };
		60A9990F1A7051CE00E8E0CD /* AppDelegate.m */ = {isa = PBXFileReference; lastKnownFileType = sourcecode.c.objc; path = AppDelegate.m; sourceTree = "<group>"; };
		60A999111A7051CE00E8E0CD /* ViewController.h */ = {isa = PBXFileReference; lastKnownFileType = sourcecode.c.h; path = ViewController.h; sourceTree = "<group>"; };
		60A999121A7051CE00E8E0CD /* ViewController.m */ = {isa = PBXFileReference; lastKnownFileType = sourcecode.c.objc; path = ViewController.m; sourceTree = "<group>"; };
		60A999151A7051CE00E8E0CD /* Base */ = {isa = PBXFileReference; lastKnownFileType = file.storyboard; name = Base; path = Base.lproj/Main.storyboard; sourceTree = "<group>"; };
		60A999171A7051CE00E8E0CD /* Images.xcassets */ = {isa = PBXFileReference; lastKnownFileType = folder.assetcatalog; path = Images.xcassets; sourceTree = "<group>"; };
		60A9991A1A7051CE00E8E0CD /* Base */ = {isa = PBXFileReference; lastKnownFileType = file.xib; name = Base; path = Base.lproj/LaunchScreen.xib; sourceTree = "<group>"; };
		60A999201A7051CE00E8E0CD /* ZaHunterTests.xctest */ = {isa = PBXFileReference; explicitFileType = wrapper.cfbundle; includeInIndex = 0; path = ZaHunterTests.xctest; sourceTree = BUILT_PRODUCTS_DIR; };
		60A999251A7051CE00E8E0CD /* Info.plist */ = {isa = PBXFileReference; lastKnownFileType = text.plist.xml; path = Info.plist; sourceTree = "<group>"; };
		60A999261A7051CE00E8E0CD /* ZaHunterTests.m */ = {isa = PBXFileReference; lastKnownFileType = sourcecode.c.objc; path = ZaHunterTests.m; sourceTree = "<group>"; };
/* End PBXFileReference section */

/* Begin PBXFrameworksBuildPhase section */
		60A999041A7051CD00E8E0CD /* Frameworks */ = {
			isa = PBXFrameworksBuildPhase;
			buildActionMask = 2147483647;
			files = (
			);
			runOnlyForDeploymentPostprocessing = 0;
		};
		60A9991D1A7051CE00E8E0CD /* Frameworks */ = {
			isa = PBXFrameworksBuildPhase;
			buildActionMask = 2147483647;
			files = (
			);
			runOnlyForDeploymentPostprocessing = 0;
		};
/* End PBXFrameworksBuildPhase section */

/* Begin PBXGroup section */
		60A998FE1A7051CD00E8E0CD = {
			isa = PBXGroup;
			children = (
				60A999091A7051CE00E8E0CD /* ZaHunter */,
				60A999231A7051CE00E8E0CD /* ZaHunterTests */,
				60A999081A7051CE00E8E0CD /* Products */,
			);
			sourceTree = "<group>";
		};
		60A999081A7051CE00E8E0CD /* Products */ = {
			isa = PBXGroup;
			children = (
				60A999071A7051CE00E8E0CD /* ZaHunter.app */,
				60A999201A7051CE00E8E0CD /* ZaHunterTests.xctest */,
			);
			name = Products;
			sourceTree = "<group>";
		};
		60A999091A7051CE00E8E0CD /* ZaHunter */ = {
			isa = PBXGroup;
			children = (
				60A9990E1A7051CE00E8E0CD /* AppDelegate.h */,
				60A9990F1A7051CE00E8E0CD /* AppDelegate.m */,
				60A999111A7051CE00E8E0CD /* ViewController.h */,
				60A999121A7051CE00E8E0CD /* ViewController.m */,
				60A999141A7051CE00E8E0CD /* Main.storyboard */,
				60A999171A7051CE00E8E0CD /* Images.xcassets */,
				60A999191A7051CE00E8E0CD /* LaunchScreen.xib */,
				60A9990A1A7051CE00E8E0CD /* Supporting Files */,
			);
			path = ZaHunter;
			sourceTree = "<group>";
		};
		60A9990A1A7051CE00E8E0CD /* Supporting Files */ = {
			isa = PBXGroup;
			children = (
				60A9990B1A7051CE00E8E0CD /* Info.plist */,
				60A9990C1A7051CE00E8E0CD /* main.m */,
			);
			name = "Supporting Files";
			sourceTree = "<group>";
		};
		60A999231A7051CE00E8E0CD /* ZaHunterTests */ = {
			isa = PBXGroup;
			children = (
				60A999261A7051CE00E8E0CD /* ZaHunterTests.m */,
				60A999241A7051CE00E8E0CD /* Supporting Files */,
			);
			path = ZaHunterTests;
			sourceTree = "<group>";
		};
		60A999241A7051CE00E8E0CD /* Supporting Files */ = {
			isa = PBXGroup;
			children = (
				60A999251A7051CE00E8E0CD /* Info.plist */,
			);
			name = "Supporting Files";
			sourceTree = "<group>";
		};
/* End PBXGroup section */

/* Begin PBXNativeTarget section */
		60A999061A7051CD00E8E0CD /* ZaHunter */ = {
			isa = PBXNativeTarget;
			buildConfigurationList = 60A9992A1A7051CE00E8E0CD /* Build configuration list for PBXNativeTarget "ZaHunter" */;
			buildPhases = (
				60A999031A7051CD00E8E0CD /* Sources */,
				60A999041A7051CD00E8E0CD /* Frameworks */,
				60A999051A7051CD00E8E0CD /* Resources */,
			);
			buildRules = (
			);
			dependencies = (
			);
			name = ZaHunter;
			productName = ZaHunter;
			productReference = 60A999071A7051CE00E8E0CD /* ZaHunter.app */;
			productType = "com.apple.product-type.application";
		};
		60A9991F1A7051CE00E8E0CD /* ZaHunterTests */ = {
			isa = PBXNativeTarget;
			buildConfigurationList = 60A9992D1A7051CE00E8E0CD /* Build configuration list for PBXNativeTarget "ZaHunterTests" */;
			buildPhases = (
				60A9991C1A7051CE00E8E0CD /* Sources */,
				60A9991D1A7051CE00E8E0CD /* Frameworks */,
				60A9991E1A7051CE00E8E0CD /* Resources */,
			);
			buildRules = (
			);
			dependencies = (
				60A999221A7051CE00E8E0CD /* PBXTargetDependency */,
			);
			name = ZaHunterTests;
			productName = ZaHunterTests;
			productReference = 60A999201A7051CE00E8E0CD /* ZaHunterTests.xctest */;
			productType = "com.apple.product-type.bundle.unit-test";
		};
/* End PBXNativeTarget section */

/* Begin PBXProject section */
		60A998FF1A7051CD00E8E0CD /* Project object */ = {
			isa = PBXProject;
			attributes = {
				LastUpgradeCheck = 0610;
				ORGANIZATIONNAME = "Yi-Chin Sun";
				TargetAttributes = {
					60A999061A7051CD00E8E0CD = {
						CreatedOnToolsVersion = 6.1.1;
					};
					60A9991F1A7051CE00E8E0CD = {
						CreatedOnToolsVersion = 6.1.1;
						TestTargetID = 60A999061A7051CD00E8E0CD;
					};
				};
			};
			buildConfigurationList = 60A999021A7051CD00E8E0CD /* Build configuration list for PBXProject "ZaHunter" */;
			compatibilityVersion = "Xcode 3.2";
			developmentRegion = English;
			hasScannedForEncodings = 0;
			knownRegions = (
				en,
				Base,
			);
			mainGroup = 60A998FE1A7051CD00E8E0CD;
			productRefGroup = 60A999081A7051CE00E8E0CD /* Products */;
			projectDirPath = "";
			projectRoot = "";
			targets = (
				60A999061A7051CD00E8E0CD /* ZaHunter */,
				60A9991F1A7051CE00E8E0CD /* ZaHunterTests */,
			);
		};
/* End PBXProject section */

/* Begin PBXResourcesBuildPhase section */
		60A999051A7051CD00E8E0CD /* Resources */ = {
			isa = PBXResourcesBuildPhase;
			buildActionMask = 2147483647;
			files = (
				60A999161A7051CE00E8E0CD /* Main.storyboard in Resources */,
				60A9991B1A7051CE00E8E0CD /* LaunchScreen.xib in Resources */,
				60A999181A7051CE00E8E0CD /* Images.xcassets in Resources */,
			);
			runOnlyForDeploymentPostprocessing = 0;
		};
		60A9991E1A7051CE00E8E0CD /* Resources */ = {
			isa = PBXResourcesBuildPhase;
			buildActionMask = 2147483647;
			files = (
			);
			runOnlyForDeploymentPostprocessing = 0;
		};
/* End PBXResourcesBuildPhase section */

/* Begin PBXSourcesBuildPhase section */
		60A999031A7051CD00E8E0CD /* Sources */ = {
			isa = PBXSourcesBuildPhase;
			buildActionMask = 2147483647;
			files = (
				60A999131A7051CE00E8E0CD /* ViewController.m in Sources */,
				60A999101A7051CE00E8E0CD /* AppDelegate.m in Sources */,
				60A9990D1A7051CE00E8E0CD /* main.m in Sources */,
			);
			runOnlyForDeploymentPostprocessing = 0;
		};
		60A9991C1A7051CE00E8E0CD /* Sources */ = {
			isa = PBXSourcesBuildPhase;
			buildActionMask = 2147483647;
			files = (
				60A999271A7051CE00E8E0CD /* ZaHunterTests.m in Sources */,
			);
			runOnlyForDeploymentPostprocessing = 0;
		};
/* End PBXSourcesBuildPhase section */

/* Begin PBXTargetDependency section */
		60A999221A7051CE00E8E0CD /* PBXTargetDependency */ = {
			isa = PBXTargetDependency;
			target = 60A999061A7051CD00E8E0CD /* ZaHunter */;
			targetProxy = 60A999211A7051CE00E8E0CD /* PBXContainerItemProxy */;
		};
/* End PBXTargetDependency section */

/* Begin PBXVariantGroup section */
		60A999141A7051CE00E8E0CD /* Main.storyboard */ = {
			isa = PBXVariantGroup;
			children = (
				60A999151A7051CE00E8E0CD /* Base */,
			);
			name = Main.storyboard;
			sourceTree = "<group>";
		};
		60A999191A7051CE00E8E0CD /* LaunchScreen.xib */ = {
			isa = PBXVariantGroup;
			children = (
				60A9991A1A7051CE00E8E0CD /* Base */,
			);
			name = LaunchScreen.xib;
			sourceTree = "<group>";
		};
/* End PBXVariantGroup section */

/* Begin XCBuildConfiguration section */
		60A999281A7051CE00E8E0CD /* Debug */ = {
			isa = XCBuildConfiguration;
			buildSettings = {
				ALWAYS_SEARCH_USER_PATHS = NO;
				CLANG_CXX_LANGUAGE_STANDARD = "gnu++0x";
				CLANG_CXX_LIBRARY = "libc++";
				CLANG_ENABLE_MODULES = YES;
				CLANG_ENABLE_OBJC_ARC = YES;
				CLANG_WARN_BOOL_CONVERSION = YES;
				CLANG_WARN_CONSTANT_CONVERSION = YES;
				CLANG_WARN_DIRECT_OBJC_ISA_USAGE = YES_ERROR;
				CLANG_WARN_EMPTY_BODY = YES;
				CLANG_WARN_ENUM_CONVERSION = YES;
				CLANG_WARN_INT_CONVERSION = YES;
				CLANG_WARN_OBJC_ROOT_CLASS = YES_ERROR;
				CLANG_WARN_UNREACHABLE_CODE = YES;
				CLANG_WARN__DUPLICATE_METHOD_MATCH = YES;
				"CODE_SIGN_IDENTITY[sdk=iphoneos*]" = "iPhone Developer";
				COPY_PHASE_STRIP = NO;
				ENABLE_STRICT_OBJC_MSGSEND = YES;
				GCC_C_LANGUAGE_STANDARD = gnu99;
				GCC_DYNAMIC_NO_PIC = NO;
				GCC_OPTIMIZATION_LEVEL = 0;
				GCC_PREPROCESSOR_DEFINITIONS = (
					"DEBUG=1",
					"$(inherited)",
				);
				GCC_SYMBOLS_PRIVATE_EXTERN = NO;
				GCC_WARN_64_TO_32_BIT_CONVERSION = YES;
				GCC_WARN_ABOUT_RETURN_TYPE = YES_ERROR;
				GCC_WARN_UNDECLARED_SELECTOR = YES;
				GCC_WARN_UNINITIALIZED_AUTOS = YES_AGGRESSIVE;
				GCC_WARN_UNUSED_FUNCTION = YES;
				GCC_WARN_UNUSED_VARIABLE = YES;
				IPHONEOS_DEPLOYMENT_TARGET = 8.1;
				MTL_ENABLE_DEBUG_INFO = YES;
				ONLY_ACTIVE_ARCH = YES;
				SDKROOT = iphoneos;
			};
			name = Debug;
		};
		60A999291A7051CE00E8E0CD /* Release */ = {
			isa = XCBuildConfiguration;
			buildSettings = {
				ALWAYS_SEARCH_USER_PATHS = NO;
				CLANG_CXX_LANGUAGE_STANDARD = "gnu++0x";
				CLANG_CXX_LIBRARY = "libc++";
				CLANG_ENABLE_MODULES = YES;
				CLANG_ENABLE_OBJC_ARC = YES;
				CLANG_WARN_BOOL_CONVERSION = YES;
				CLANG_WARN_CONSTANT_CONVERSION = YES;
				CLANG_WARN_DIRECT_OBJC_ISA_USAGE = YES_ERROR;
				CLANG_WARN_EMPTY_BODY = YES;
				CLANG_WARN_ENUM_CONVERSION = YES;
				CLANG_WARN_INT_CONVERSION = YES;
				CLANG_WARN_OBJC_ROOT_CLASS = YES_ERROR;
				CLANG_WARN_UNREACHABLE_CODE = YES;
				CLANG_WARN__DUPLICATE_METHOD_MATCH = YES;
				"CODE_SIGN_IDENTITY[sdk=iphoneos*]" = "iPhone Developer";
				COPY_PHASE_STRIP = YES;
				ENABLE_NS_ASSERTIONS = NO;
				ENABLE_STRICT_OBJC_MSGSEND = YES;
				GCC_C_LANGUAGE_STANDARD = gnu99;
				GCC_WARN_64_TO_32_BIT_CONVERSION = YES;
				GCC_WARN_ABOUT_RETURN_TYPE = YES_ERROR;
				GCC_WARN_UNDECLARED_SELECTOR = YES;
				GCC_WARN_UNINITIALIZED_AUTOS = YES_AGGRESSIVE;
				GCC_WARN_UNUSED_FUNCTION = YES;
				GCC_WARN_UNUSED_VARIABLE = YES;
				IPHONEOS_DEPLOYMENT_TARGET = 8.1;
				MTL_ENABLE_DEBUG_INFO = NO;
				SDKROOT = iphoneos;
				VALIDATE_PRODUCT = YES;
			};
			name = Release;
		};
		60A9992B1A7051CE00E8E0CD /* Debug */ = {
			isa = XCBuildConfiguration;
			buildSettings = {
				ASSETCATALOG_COMPILER_APPICON_NAME = AppIcon;
				INFOPLIST_FILE = ZaHunter/Info.plist;
				LD_RUNPATH_SEARCH_PATHS = "$(inherited) @executable_path/Frameworks";
				PRODUCT_NAME = "$(TARGET_NAME)";
			};
			name = Debug;
		};
		60A9992C1A7051CE00E8E0CD /* Release */ = {
			isa = XCBuildConfiguration;
			buildSettings = {
				ASSETCATALOG_COMPILER_APPICON_NAME = AppIcon;
				INFOPLIST_FILE = ZaHunter/Info.plist;
				LD_RUNPATH_SEARCH_PATHS = "$(inherited) @executable_path/Frameworks";
				PRODUCT_NAME = "$(TARGET_NAME)";
			};
			name = Release;
		};
		60A9992E1A7051CE00E8E0CD /* Debug */ = {
			isa = XCBuildConfiguration;
			buildSettings = {
				BUNDLE_LOADER = "$(TEST_HOST)";
				FRAMEWORK_SEARCH_PATHS = (
					"$(SDKROOT)/Developer/Library/Frameworks",
					"$(inherited)",
				);
				GCC_PREPROCESSOR_DEFINITIONS = (
					"DEBUG=1",
					"$(inherited)",
				);
				INFOPLIST_FILE = ZaHunterTests/Info.plist;
				LD_RUNPATH_SEARCH_PATHS = "$(inherited) @executable_path/Frameworks @loader_path/Frameworks";
				PRODUCT_NAME = "$(TARGET_NAME)";
				TEST_HOST = "$(BUILT_PRODUCTS_DIR)/ZaHunter.app/ZaHunter";
			};
			name = Debug;
		};
		60A9992F1A7051CE00E8E0CD /* Release */ = {
			isa = XCBuildConfiguration;
			buildSettings = {
				BUNDLE_LOADER = "$(TEST_HOST)";
				FRAMEWORK_SEARCH_PATHS = (
					"$(SDKROOT)/Developer/Library/Frameworks",
					"$(inherited)",
				);
				INFOPLIST_FILE = ZaHunterTests/Info.plist;
				LD_RUNPATH_SEARCH_PATHS = "$(inherited) @executable_path/Frameworks @loader_path/Frameworks";
				PRODUCT_NAME = "$(TARGET_NAME)";
				TEST_HOST = "$(BUILT_PRODUCTS_DIR)/ZaHunter.app/ZaHunter";
			};
			name = Release;
		};
/* End XCBuildConfiguration section */

/* Begin XCConfigurationList section */
		60A999021A7051CD00E8E0CD /* Build configuration list for PBXProject "ZaHunter" */ = {
			isa = XCConfigurationList;
			buildConfigurations = (
				60A999281A7051CE00E8E0CD /* Debug */,
				60A999291A7051CE00E8E0CD /* Release */,
			);
			defaultConfigurationIsVisible = 0;
			defaultConfigurationName = Release;
		};
		60A9992A1A7051CE00E8E0CD /* Build configuration list for PBXNativeTarget "ZaHunter" */ = {
			isa = XCConfigurationList;
			buildConfigurations = (
				60A9992B1A7051CE00E8E0CD /* Debug */,
				60A9992C1A7051CE00E8E0CD /* Release */,
			);
			defaultConfigurationIsVisible = 0;
		};
		60A9992D1A7051CE00E8E0CD /* Build configuration list for PBXNativeTarget "ZaHunterTests" */ = {
			isa = XCConfigurationList;
			buildConfigurations = (
				60A9992E1A7051CE00E8E0CD /* Debug */,
				60A9992F1A7051CE00E8E0CD /* Release */,
			);
			defaultConfigurationIsVisible = 0;
		};
/* End XCConfigurationList section */
	};
	rootObject = 60A998FF1A7051CD00E8E0CD /* Project object */;
}
